
Microsoft Visual Studio Solution File, Format Version 12.00
# Visual Studio 15
VisualStudioVersion = 15.0.28010.2036
MinimumVisualStudioVersion = 10.0.40219.1
Project("{FAE04EC0-301F-11D3-BF4B-00C04F79EFBC}") = "WindowsFormsApp2", "WindowsFormsApp2\WindowsFormsApp2.csproj", "{BBABA0E1-1A12-4869-A942-35F73AB3FB27}"
EndProject
Global
	GlobalSection(SolutionConfigurationPlatforms) = preSolution
		Debug|Any CPU = Debug|Any CPU
		Release|Any CPU = Release|Any CPU
	EndGlobalSection
	GlobalSection(ProjectConfigurationPlatforms) = postSolution
		{BBABA0E1-1A12-4869-A942-35F73AB3FB27}.Debug|Any CPU.ActiveCfg = Debug|Any CPU
		{BBABA0E1-1A12-4869-A942-35F73AB3FB27}.Debug|Any CPU.Build.0 = Debug|Any CPU
		{BBABA0E1-1A12-4869-A942-35F73AB3FB27}.Release|Any CPU.ActiveCfg = Release|Any CPU
		{BBABA0E1-1A12-4869-A942-35F73AB3FB27}.Release|Any CPU.Build.0 = Release|Any CPU
	EndGlobalSection
	GlobalSection(SolutionProperties) = preSolution
		HideSolutionNode = FALSE
	EndGlobalSection
	GlobalSection(ExtensibilityGlobals) = postSolution
		SolutionGuid = {D55B329F-ED04-4A35-B636-882D7A35DACA}
	EndGlobalSection
EndGlobal
